// !$*UTF8*$!
{
	archiveVersion = 1;
	classes = {
	};
	objectVersion = 56;
	objects = {

/* Begin PBXBuildFile section */
		400D0D262B932F6100ABDCD4 /* PaymentButton.swift in Sources */ = {isa = PBXBuildFile; fileRef = 400D0D252B932F6100ABDCD4 /* PaymentButton.swift */; };
		400D0D282B933A5600ABDCD4 /* AccountView.swift in Sources */ = {isa = PBXBuildFile; fileRef = 400D0D272B933A5600ABDCD4 /* AccountView.swift */; };
		403BE9452B930496003CC0F0 /* TabBar.swift in Sources */ = {isa = PBXBuildFile; fileRef = 403BE9442B930496003CC0F0 /* TabBar.swift */; };
		403BE9472B930505003CC0F0 /* TabBarView.swift in Sources */ = {isa = PBXBuildFile; fileRef = 403BE9462B930505003CC0F0 /* TabBarView.swift */; };
		403BE9492B930624003CC0F0 /* ContentView.swift in Sources */ = {isa = PBXBuildFile; fileRef = 403BE9482B930624003CC0F0 /* ContentView.swift */; };
		403BE94B2B930688003CC0F0 /* CategorySelectionView.swift in Sources */ = {isa = PBXBuildFile; fileRef = 403BE94A2B930688003CC0F0 /* CategorySelectionView.swift */; };
		403BE94D2B9306D5003CC0F0 /* NikeView.swift in Sources */ = {isa = PBXBuildFile; fileRef = 403BE94C2B9306D5003CC0F0 /* NikeView.swift */; };
		40B9000D2B91A0E400EF074E /* _nd_StreetApp.swift in Sources */ = {isa = PBXBuildFile; fileRef = 40B9000C2B91A0E400EF074E /* _nd_StreetApp.swift */; };
		40B900112B91A0E600EF074E /* Assets.xcassets in Resources */ = {isa = PBXBuildFile; fileRef = 40B900102B91A0E600EF074E /* Assets.xcassets */; };
		40B900142B91A0E600EF074E /* Preview Assets.xcassets in Resources */ = {isa = PBXBuildFile; fileRef = 40B900132B91A0E600EF074E /* Preview Assets.xcassets */; };
		40B9001B2B91A1B500EF074E /* CollectionView.swift in Sources */ = {isa = PBXBuildFile; fileRef = 40B9001A2B91A1B500EF074E /* CollectionView.swift */; };
		40B9001E2B91A1EE00EF074E /* ShoeData.swift in Sources */ = {isa = PBXBuildFile; fileRef = 40B9001D2B91A1EE00EF074E /* ShoeData.swift */; };
		40B900202B91A46700EF074E /* NewArrivalCard.swift in Sources */ = {isa = PBXBuildFile; fileRef = 40B9001F2B91A46700EF074E /* NewArrivalCard.swift */; };
		40B900222B91AAB400EF074E /* AddToCart.swift in Sources */ = {isa = PBXBuildFile; fileRef = 40B900212B91AAB400EF074E /* AddToCart.swift */; };
		40B900242B91B75500EF074E /* MyCartCard.swift in Sources */ = {isa = PBXBuildFile; fileRef = 40B900232B91B75500EF074E /* MyCartCard.swift */; };
		40B900262B91B78D00EF074E /* CheckOutCard.swift in Sources */ = {isa = PBXBuildFile; fileRef = 40B900252B91B78D00EF074E /* CheckOutCard.swift */; };
		40B900282B91B7A700EF074E /* CartView.swift in Sources */ = {isa = PBXBuildFile; fileRef = 40B900272B91B7A700EF074E /* CartView.swift */; };
		40B9002A2B91B7DB00EF074E /* CartManager.swift in Sources */ = {isa = PBXBuildFile; fileRef = 40B900292B91B7DB00EF074E /* CartManager.swift */; };
/* End PBXBuildFile section */

/* Begin PBXFileReference section */
		400D0D252B932F6100ABDCD4 /* PaymentButton.swift */ = {isa = PBXFileReference; lastKnownFileType = sourcecode.swift; path = PaymentButton.swift; sourceTree = "<group>"; };
		400D0D272B933A5600ABDCD4 /* AccountView.swift */ = {isa = PBXFileReference; lastKnownFileType = sourcecode.swift; path = AccountView.swift; sourceTree = "<group>"; };
		403BE9442B930496003CC0F0 /* TabBar.swift */ = {isa = PBXFileReference; fileEncoding = 4; lastKnownFileType = sourcecode.swift; path = TabBar.swift; sourceTree = "<group>"; };
		403BE9462B930505003CC0F0 /* TabBarView.swift */ = {isa = PBXFileReference; lastKnownFileType = sourcecode.swift; path = TabBarView.swift; sourceTree = "<group>"; };
		403BE9482B930624003CC0F0 /* ContentView.swift */ = {isa = PBXFileReference; fileEncoding = 4; lastKnownFileType = sourcecode.swift; path = ContentView.swift; sourceTree = "<group>"; };
		403BE94A2B930688003CC0F0 /* CategorySelectionView.swift */ = {isa = PBXFileReference; fileEncoding = 4; lastKnownFileType = sourcecode.swift; path = CategorySelectionView.swift; sourceTree = "<group>"; };
		403BE94C2B9306D5003CC0F0 /* NikeView.swift */ = {isa = PBXFileReference; fileEncoding = 4; lastKnownFileType = sourcecode.swift; path = NikeView.swift; sourceTree = "<group>"; };
		40B900092B91A0E400EF074E /* 2nd Street.app */ = {isa = PBXFileReference; explicitFileType = wrapper.application; includeInIndex = 0; path = "2nd Street.app"; sourceTree = BUILT_PRODUCTS_DIR; };
		40B9000C2B91A0E400EF074E /* _nd_StreetApp.swift */ = {isa = PBXFileReference; lastKnownFileType = sourcecode.swift; path = _nd_StreetApp.swift; sourceTree = "<group>"; };
		40B900102B91A0E600EF074E /* Assets.xcassets */ = {isa = PBXFileReference; lastKnownFileType = folder.assetcatalog; path = Assets.xcassets; sourceTree = "<group>"; };
		40B900132B91A0E600EF074E /* Preview Assets.xcassets */ = {isa = PBXFileReference; lastKnownFileType = folder.assetcatalog; path = "Preview Assets.xcassets"; sourceTree = "<group>"; };
		40B9001A2B91A1B500EF074E /* CollectionView.swift */ = {isa = PBXFileReference; lastKnownFileType = sourcecode.swift; path = CollectionView.swift; sourceTree = "<group>"; };
		40B9001D2B91A1EE00EF074E /* ShoeData.swift */ = {isa = PBXFileReference; lastKnownFileType = sourcecode.swift; path = ShoeData.swift; sourceTree = "<group>"; };
		40B9001F2B91A46700EF074E /* NewArrivalCard.swift */ = {isa = PBXFileReference; lastKnownFileType = sourcecode.swift; path = NewArrivalCard.swift; sourceTree = "<group>"; };
		40B900212B91AAB400EF074E /* AddToCart.swift */ = {isa = PBXFileReference; lastKnownFileType = sourcecode.swift; path = AddToCart.swift; sourceTree = "<group>"; };
		40B900232B91B75500EF074E /* MyCartCard.swift */ = {isa = PBXFileReference; lastKnownFileType = sourcecode.swift; path = MyCartCard.swift; sourceTree = "<group>"; };
		40B900252B91B78D00EF074E /* CheckOutCard.swift */ = {isa = PBXFileReference; lastKnownFileType = sourcecode.swift; path = CheckOutCard.swift; sourceTree = "<group>"; };
		40B900272B91B7A700EF074E /* CartView.swift */ = {isa = PBXFileReference; lastKnownFileType = sourcecode.swift; path = CartView.swift; sourceTree = "<group>"; };
		40B900292B91B7DB00EF074E /* CartManager.swift */ = {isa = PBXFileReference; lastKnownFileType = sourcecode.swift; path = CartManager.swift; sourceTree = "<group>"; };
/* End PBXFileReference section */

/* Begin PBXFrameworksBuildPhase section */
		40B900062B91A0E400EF074E /* Frameworks */ = {
			isa = PBXFrameworksBuildPhase;
			buildActionMask = 2147483647;
			files = (
			);
			runOnlyForDeploymentPostprocessing = 0;
		};
/* End PBXFrameworksBuildPhase section */

/* Begin PBXGroup section */
		400D0D292B933AF300ABDCD4 /* Views */ = {
			isa = PBXGroup;
			children = (
				403BE9482B930624003CC0F0 /* ContentView.swift */,
				400D0D272B933A5600ABDCD4 /* AccountView.swift */,
				40B900212B91AAB400EF074E /* AddToCart.swift */,
				40B900272B91B7A700EF074E /* CartView.swift */,
				403BE94C2B9306D5003CC0F0 /* NikeView.swift */,
				403BE94A2B930688003CC0F0 /* CategorySelectionView.swift */,
				40B9001A2B91A1B500EF074E /* CollectionView.swift */,
			);
			path = Views;
			sourceTree = "<group>";
		};
		400D0D2A2B933B0400ABDCD4 /* Cards */ = {
			isa = PBXGroup;
			children = (
				40B900232B91B75500EF074E /* MyCartCard.swift */,
				400D0D252B932F6100ABDCD4 /* PaymentButton.swift */,
				40B9001F2B91A46700EF074E /* NewArrivalCard.swift */,
				40B900252B91B78D00EF074E /* CheckOutCard.swift */,
			);
			path = Cards;
			sourceTree = "<group>";
		};
		400D0D2B2B933B1C00ABDCD4 /* Manager */ = {
			isa = PBXGroup;
			children = (
				403BE9442B930496003CC0F0 /* TabBar.swift */,
				40B900292B91B7DB00EF074E /* CartManager.swift */,
				403BE9462B930505003CC0F0 /* TabBarView.swift */,
			);
			path = Manager;
			sourceTree = "<group>";
		};
		40B900002B91A0E400EF074E = {
			isa = PBXGroup;
			children = (
				40B9000B2B91A0E400EF074E /* 2nd Street */,
				40B9000A2B91A0E400EF074E /* Products */,
			);
			sourceTree = "<group>";
		};
		40B9000A2B91A0E400EF074E /* Products */ = {
			isa = PBXGroup;
			children = (
				40B900092B91A0E400EF074E /* 2nd Street.app */,
			);
			name = Products;
			sourceTree = "<group>";
		};
		40B9000B2B91A0E400EF074E /* 2nd Street */ = {
			isa = PBXGroup;
			children = (
				40B9000C2B91A0E400EF074E /* _nd_StreetApp.swift */,
				400D0D2B2B933B1C00ABDCD4 /* Manager */,
				40B9001C2B91A1E100EF074E /* Data */,
				400D0D2A2B933B0400ABDCD4 /* Cards */,
				400D0D292B933AF300ABDCD4 /* Views */,
				40B900102B91A0E600EF074E /* Assets.xcassets */,
				40B900122B91A0E600EF074E /* Preview Content */,
			);
			path = "2nd Street";
			sourceTree = "<group>";
		};
		40B900122B91A0E600EF074E /* Preview Content */ = {
			isa = PBXGroup;
			children = (
				40B900132B91A0E600EF074E /* Preview Assets.xcassets */,
			);
			path = "Preview Content";
			sourceTree = "<group>";
		};
		40B9001C2B91A1E100EF074E /* Data */ = {
			isa = PBXGroup;
			children = (
				40B9001D2B91A1EE00EF074E /* ShoeData.swift */,
			);
			path = Data;
			sourceTree = "<group>";
		};
/* End PBXGroup section */

/* Begin PBXNativeTarget section */
		40B900082B91A0E400EF074E /* 2nd Street */ = {
			isa = PBXNativeTarget;
			buildConfigurationList = 40B900172B91A0E600EF074E /* Build configuration list for PBXNativeTarget "2nd Street" */;
			buildPhases = (
				40B900052B91A0E400EF074E /* Sources */,
				40B900062B91A0E400EF074E /* Frameworks */,
				40B900072B91A0E400EF074E /* Resources */,
			);
			buildRules = (
			);
			dependencies = (
			);
			name = "2nd Street";
			productName = "2nd Street";
			productReference = 40B900092B91A0E400EF074E /* 2nd Street.app */;
			productType = "com.apple.product-type.application";
		};
/* End PBXNativeTarget section */

/* Begin PBXProject section */
		40B900012B91A0E400EF074E /* Project object */ = {
			isa = PBXProject;
			attributes = {
				BuildIndependentTargetsInParallel = 1;
				LastSwiftUpdateCheck = 1520;
				LastUpgradeCheck = 1520;
				TargetAttributes = {
					40B900082B91A0E400EF074E = {
						CreatedOnToolsVersion = 15.2;
					};
				};
			};
			buildConfigurationList = 40B900042B91A0E400EF074E /* Build configuration list for PBXProject "2nd Street" */;
			compatibilityVersion = "Xcode 14.0";
			developmentRegion = en;
			hasScannedForEncodings = 0;
			knownRegions = (
				en,
				Base,
			);
			mainGroup = 40B900002B91A0E400EF074E;
			productRefGroup = 40B9000A2B91A0E400EF074E /* Products */;
			projectDirPath = "";
			projectRoot = "";
			targets = (
				40B900082B91A0E400EF074E /* 2nd Street */,
			);
		};
/* End PBXProject section */

/* Begin PBXResourcesBuildPhase section */
		40B900072B91A0E400EF074E /* Resources */ = {
			isa = PBXResourcesBuildPhase;
			buildActionMask = 2147483647;
			files = (
				40B900142B91A0E600EF074E /* Preview Assets.xcassets in Resources */,
				40B900112B91A0E600EF074E /* Assets.xcassets in Resources */,
			);
			runOnlyForDeploymentPostprocessing = 0;
		};
/* End PBXResourcesBuildPhase section */

/* Begin PBXSourcesBuildPhase section */
		40B900052B91A0E400EF074E /* Sources */ = {
			isa = PBXSourcesBuildPhase;
			buildActionMask = 2147483647;
			files = (
				40B900282B91B7A700EF074E /* CartView.swift in Sources */,
				403BE9472B930505003CC0F0 /* TabBarView.swift in Sources */,
				403BE9492B930624003CC0F0 /* ContentView.swift in Sources */,
				40B9001B2B91A1B500EF074E /* CollectionView.swift in Sources */,
				400D0D282B933A5600ABDCD4 /* AccountView.swift in Sources */,
				40B900242B91B75500EF074E /* MyCartCard.swift in Sources */,
				40B900222B91AAB400EF074E /* AddToCart.swift in Sources */,
				40B9002A2B91B7DB00EF074E /* CartManager.swift in Sources */,
				403BE94D2B9306D5003CC0F0 /* NikeView.swift in Sources */,
				40B9001E2B91A1EE00EF074E /* ShoeData.swift in Sources */,
				400D0D262B932F6100ABDCD4 /* PaymentButton.swift in Sources */,
				40B900262B91B78D00EF074E /* CheckOutCard.swift in Sources */,
				40B900202B91A46700EF074E /* NewArrivalCard.swift in Sources */,
				403BE94B2B930688003CC0F0 /* CategorySelectionView.swift in Sources */,
				40B9000D2B91A0E400EF074E /* _nd_StreetApp.swift in Sources */,
				403BE9452B930496003CC0F0 /* TabBar.swift in Sources */,
			);
			runOnlyForDeploymentPostprocessing = 0;
		};
/* End PBXSourcesBuildPhase section */

/* Begin XCBuildConfiguration section */
		40B900152B91A0E600EF074E /* Debug */ = {
			isa = XCBuildConfiguration;
			buildSettings = {
				ALWAYS_SEARCH_USER_PATHS = NO;
				ASSETCATALOG_COMPILER_GENERATE_SWIFT_ASSET_SYMBOL_EXTENSIONS = YES;
				CLANG_ANALYZER_NONNULL = YES;
				CLANG_ANALYZER_NUMBER_OBJECT_CONVERSION = YES_AGGRESSIVE;
				CLANG_CXX_LANGUAGE_STANDARD = "gnu++20";
				CLANG_ENABLE_MODULES = YES;
				CLANG_ENABLE_OBJC_ARC = YES;
				CLANG_ENABLE_OBJC_WEAK = YES;
				CLANG_WARN_BLOCK_CAPTURE_AUTORELEASING = YES;
				CLANG_WARN_BOOL_CONVERSION = YES;
				CLANG_WARN_COMMA = YES;
				CLANG_WARN_CONSTANT_CONVERSION = YES;
				CLANG_WARN_DEPRECATED_OBJC_IMPLEMENTATIONS = YES;
				CLANG_WARN_DIRECT_OBJC_ISA_USAGE = YES_ERROR;
				CLANG_WARN_DOCUMENTATION_COMMENTS = YES;
				CLANG_WARN_EMPTY_BODY = YES;
				CLANG_WARN_ENUM_CONVERSION = YES;
				CLANG_WARN_INFINITE_RECURSION = YES;
				CLANG_WARN_INT_CONVERSION = YES;
				CLANG_WARN_NON_LITERAL_NULL_CONVERSION = YES;
				CLANG_WARN_OBJC_IMPLICIT_RETAIN_SELF = YES;
				CLANG_WARN_OBJC_LITERAL_CONVERSION = YES;
				CLANG_WARN_OBJC_ROOT_CLASS = YES_ERROR;
				CLANG_WARN_QUOTED_INCLUDE_IN_FRAMEWORK_HEADER = YES;
				CLANG_WARN_RANGE_LOOP_ANALYSIS = YES;
				CLANG_WARN_STRICT_PROTOTYPES = YES;
				CLANG_WARN_SUSPICIOUS_MOVE = YES;
				CLANG_WARN_UNGUARDED_AVAILABILITY = YES_AGGRESSIVE;
				CLANG_WARN_UNREACHABLE_CODE = YES;
				CLANG_WARN__DUPLICATE_METHOD_MATCH = YES;
				COPY_PHASE_STRIP = NO;
				DEBUG_INFORMATION_FORMAT = dwarf;
				ENABLE_STRICT_OBJC_MSGSEND = YES;
				ENABLE_TESTABILITY = YES;
				ENABLE_USER_SCRIPT_SANDBOXING = YES;
				GCC_C_LANGUAGE_STANDARD = gnu17;
				GCC_DYNAMIC_NO_PIC = NO;
				GCC_NO_COMMON_BLOCKS = YES;
				GCC_OPTIMIZATION_LEVEL = 0;
				GCC_PREPROCESSOR_DEFINITIONS = (
					"DEBUG=1",
					"$(inherited)",
				);
				GCC_WARN_64_TO_32_BIT_CONVERSION = YES;
				GCC_WARN_ABOUT_RETURN_TYPE = YES_ERROR;
				GCC_WARN_UNDECLARED_SELECTOR = YES;
				GCC_WARN_UNINITIALIZED_AUTOS = YES_AGGRESSIVE;
				GCC_WARN_UNUSED_FUNCTION = YES;
				GCC_WARN_UNUSED_VARIABLE = YES;
				IPHONEOS_DEPLOYMENT_TARGET = 17.2;
				LOCALIZATION_PREFERS_STRING_CATALOGS = YES;
				MTL_ENABLE_DEBUG_INFO = INCLUDE_SOURCE;
				MTL_FAST_MATH = YES;
				ONLY_ACTIVE_ARCH = YES;
				SDKROOT = iphoneos;
				SWIFT_ACTIVE_COMPILATION_CONDITIONS = "DEBUG $(inherited)";
				SWIFT_OPTIMIZATION_LEVEL = "-Onone";
			};
			name = Debug;
		};
		40B900162B91A0E600EF074E /* Release */ = {
			isa = XCBuildConfiguration;
			buildSettings = {
				ALWAYS_SEARCH_USER_PATHS = NO;
				ASSETCATALOG_COMPILER_GENERATE_SWIFT_ASSET_SYMBOL_EXTENSIONS = YES;
				CLANG_ANALYZER_NONNULL = YES;
				CLANG_ANALYZER_NUMBER_OBJECT_CONVERSION = YES_AGGRESSIVE;
				CLANG_CXX_LANGUAGE_STANDARD = "gnu++20";
				CLANG_ENABLE_MODULES = YES;
				CLANG_ENABLE_OBJC_ARC = YES;
				CLANG_ENABLE_OBJC_WEAK = YES;
				CLANG_WARN_BLOCK_CAPTURE_AUTORELEASING = YES;
				CLANG_WARN_BOOL_CONVERSION = YES;
				CLANG_WARN_COMMA = YES;
				CLANG_WARN_CONSTANT_CONVERSION = YES;
				CLANG_WARN_DEPRECATED_OBJC_IMPLEMENTATIONS = YES;
				CLANG_WARN_DIRECT_OBJC_ISA_USAGE = YES_ERROR;
				CLANG_WARN_DOCUMENTATION_COMMENTS = YES;
				CLANG_WARN_EMPTY_BODY = YES;
				CLANG_WARN_ENUM_CONVERSION = YES;
				CLANG_WARN_INFINITE_RECURSION = YES;
				CLANG_WARN_INT_CONVERSION = YES;
				CLANG_WARN_NON_LITERAL_NULL_CONVERSION = YES;
				CLANG_WARN_OBJC_IMPLICIT_RETAIN_SELF = YES;
				CLANG_WARN_OBJC_LITERAL_CONVERSION = YES;
				CLANG_WARN_OBJC_ROOT_CLASS = YES_ERROR;
				CLANG_WARN_QUOTED_INCLUDE_IN_FRAMEWORK_HEADER = YES;
				CLANG_WARN_RANGE_LOOP_ANALYSIS = YES;
				CLANG_WARN_STRICT_PROTOTYPES = YES;
				CLANG_WARN_SUSPICIOUS_MOVE = YES;
				CLANG_WARN_UNGUARDED_AVAILABILITY = YES_AGGRESSIVE;
				CLANG_WARN_UNREACHABLE_CODE = YES;
				CLANG_WARN__DUPLICATE_METHOD_MATCH = YES;
				COPY_PHASE_STRIP = NO;
				DEBUG_INFORMATION_FORMAT = "dwarf-with-dsym";
				ENABLE_NS_ASSERTIONS = NO;
				ENABLE_STRICT_OBJC_MSGSEND = YES;
				ENABLE_USER_SCRIPT_SANDBOXING = YES;
				GCC_C_LANGUAGE_STANDARD = gnu17;
				GCC_NO_COMMON_BLOCKS = YES;
				GCC_WARN_64_TO_32_BIT_CONVERSION = YES;
				GCC_WARN_ABOUT_RETURN_TYPE = YES_ERROR;
				GCC_WARN_UNDECLARED_SELECTOR = YES;
				GCC_WARN_UNINITIALIZED_AUTOS = YES_AGGRESSIVE;
				GCC_WARN_UNUSED_FUNCTION = YES;
				GCC_WARN_UNUSED_VARIABLE = YES;
				IPHONEOS_DEPLOYMENT_TARGET = 17.2;
				LOCALIZATION_PREFERS_STRING_CATALOGS = YES;
				MTL_ENABLE_DEBUG_INFO = NO;
				MTL_FAST_MATH = YES;
				SDKROOT = iphoneos;
				SWIFT_COMPILATION_MODE = wholemodule;
				VALIDATE_PRODUCT = YES;
			};
			name = Release;
		};
		40B900182B91A0E600EF074E /* Debug */ = {
			isa = XCBuildConfiguration;
			buildSettings = {
				ASSETCATALOG_COMPILER_APPICON_NAME = AppIcon;
				ASSETCATALOG_COMPILER_GLOBAL_ACCENT_COLOR_NAME = AccentColor;
				CODE_SIGN_STYLE = Automatic;
				CURRENT_PROJECT_VERSION = 1;
				DEVELOPMENT_ASSET_PATHS = "\"2nd Street/Preview Content\"";
				DEVELOPMENT_TEAM = D5M38GX662;
				ENABLE_PREVIEWS = YES;
				GENERATE_INFOPLIST_FILE = YES;
				INFOPLIST_KEY_UIApplicationSceneManifest_Generation = YES;
				INFOPLIST_KEY_UIApplicationSupportsIndirectInputEvents = YES;
				INFOPLIST_KEY_UILaunchScreen_Generation = YES;
				INFOPLIST_KEY_UISupportedInterfaceOrientations_iPad = "UIInterfaceOrientationPortrait UIInterfaceOrientationPortraitUpsideDown UIInterfaceOrientationLandscapeLeft UIInterfaceOrientationLandscapeRight";
				INFOPLIST_KEY_UISupportedInterfaceOrientations_iPhone = "UIInterfaceOrientationPortrait UIInterfaceOrientationLandscapeLeft UIInterfaceOrientationLandscapeRight";
				LD_RUNPATH_SEARCH_PATHS = (
					"$(inherited)",
					"@executable_path/Frameworks",
				);
				MARKETING_VERSION = 1.0;
				PRODUCT_BUNDLE_IDENTIFIER = "com.pravalgautam.-nd-Street";
				PRODUCT_NAME = "$(TARGET_NAME)";
				SWIFT_EMIT_LOC_STRINGS = YES;
				SWIFT_VERSION = 5.0;
				TARGETED_DEVICE_FAMILY = "1,2";
			};
			name = Debug;
		};
		40B900192B91A0E600EF074E /* Release */ = {
			isa = XCBuildConfiguration;
			buildSettings = {
				ASSETCATALOG_COMPILER_APPICON_NAME = AppIcon;
				ASSETCATALOG_COMPILER_GLOBAL_ACCENT_COLOR_NAME = AccentColor;
				CODE_SIGN_STYLE = Automatic;
				CURRENT_PROJECT_VERSION = 1;
				DEVELOPMENT_ASSET_PATHS = "\"2nd Street/Preview Content\"";
				DEVELOPMENT_TEAM = D5M38GX662;
				ENABLE_PREVIEWS = YES;
				GENERATE_INFOPLIST_FILE = YES;
				INFOPLIST_KEY_UIApplicationSceneManifest_Generation = YES;
				INFOPLIST_KEY_UIApplicationSupportsIndirectInputEvents = YES;
				INFOPLIST_KEY_UILaunchScreen_Generation = YES;
				INFOPLIST_KEY_UISupportedInterfaceOrientations_iPad = "UIInterfaceOrientationPortrait UIInterfaceOrientationPortraitUpsideDown UIInterfaceOrientationLandscapeLeft UIInterfaceOrientationLandscapeRight";
				INFOPLIST_KEY_UISupportedInterfaceOrientations_iPhone = "UIInterfaceOrientationPortrait UIInterfaceOrientationLandscapeLeft UIInterfaceOrientationLandscapeRight";
				LD_RUNPATH_SEARCH_PATHS = (
					"$(inherited)",
					"@executable_path/Frameworks",
				);
				MARKETING_VERSION = 1.0;
				PRODUCT_BUNDLE_IDENTIFIER = "com.pravalgautam.-nd-Street";
				PRODUCT_NAME = "$(TARGET_NAME)";
				SWIFT_EMIT_LOC_STRINGS = YES;
				SWIFT_VERSION = 5.0;
				TARGETED_DEVICE_FAMILY = "1,2";
			};
			name = Release;
		};
/* End XCBuildConfiguration section */

/* Begin XCConfigurationList section */
		40B900042B91A0E400EF074E /* Build configuration list for PBXProject "2nd Street" */ = {
			isa = XCConfigurationList;
			buildConfigurations = (
				40B900152B91A0E600EF074E /* Debug */,
				40B900162B91A0E600EF074E /* Release */,
			);
			defaultConfigurationIsVisible = 0;
			defaultConfigurationName = Release;
		};
		40B900172B91A0E600EF074E /* Build configuration list for PBXNativeTarget "2nd Street" */ = {
			isa = XCConfigurationList;
			buildConfigurations = (
				40B900182B91A0E600EF074E /* Debug */,
				40B900192B91A0E600EF074E /* Release */,
			);
			defaultConfigurationIsVisible = 0;
			defaultConfigurationName = Release;
		};
/* End XCConfigurationList section */
	};
	rootObject = 40B900012B91A0E400EF074E /* Project object */;
}
